
Microsoft Visual Studio Solution File, Format Version 12.00
# Visual Studio Version 17
VisualStudioVersion = 17.7.34202.233
MinimumVisualStudioVersion = 10.0.40219.1
Project("{9A19103F-16F7-4668-BE54-9A1E7A4F7556}") = "Uk.Eticaret.Web.Mvc", "Uk.Eticaret.Web.Mvc\Uk.Eticaret.Web.Mvc.csproj", "{EA66D0D8-D1F6-4968-8BC8-82762B87F0BA}"
EndProject
Project("{9A19103F-16F7-4668-BE54-9A1E7A4F7556}") = "Uk.Eticaret.Business", "Uk.Eticaret.Business\Uk.Eticaret.Business.csproj", "{82162843-FB9F-4F68-B18F-D8310EC9B5F2}"
EndProject
Project("{9A19103F-16F7-4668-BE54-9A1E7A4F7556}") = "Uk.Eticaret.Persistence", "Uk.Eticaret.Persistence\Uk.Eticaret.Persistence.csproj", "{2D921FC3-BFDE-4AC9-B752-5DD805937094}"
EndProject
Project("{9A19103F-16F7-4668-BE54-9A1E7A4F7556}") = "TestProject1", "TestProject1\TestProject1.csproj", "{E51C1902-D168-4180-813F-82259139063C}"
EndProject
Project("{2150E333-8FDC-42A3-9474-1A3956D46DE8}") = "Solution Items", "Solution Items", "{57B123B1-C8CA-4835-AC66-E4BEC8F51936}"
	ProjectSection(SolutionItems) = preProject
		.gitlab-ci.yml = .gitlab-ci.yml
	EndProjectSection
EndProject
Global
	GlobalSection(SolutionConfigurationPlatforms) = preSolution
		Debug|Any CPU = Debug|Any CPU
		Release|Any CPU = Release|Any CPU
	EndGlobalSection
	GlobalSection(ProjectConfigurationPlatforms) = postSolution
		{EA66D0D8-D1F6-4968-8BC8-82762B87F0BA}.Debug|Any CPU.ActiveCfg = Debug|Any CPU
		{EA66D0D8-D1F6-4968-8BC8-82762B87F0BA}.Debug|Any CPU.Build.0 = Debug|Any CPU
		{EA66D0D8-D1F6-4968-8BC8-82762B87F0BA}.Release|Any CPU.ActiveCfg = Release|Any CPU
		{EA66D0D8-D1F6-4968-8BC8-82762B87F0BA}.Release|Any CPU.Build.0 = Release|Any CPU
		{82162843-FB9F-4F68-B18F-D8310EC9B5F2}.Debug|Any CPU.ActiveCfg = Debug|Any CPU
		{82162843-FB9F-4F68-B18F-D8310EC9B5F2}.Debug|Any CPU.Build.0 = Debug|Any CPU
		{82162843-FB9F-4F68-B18F-D8310EC9B5F2}.Release|Any CPU.ActiveCfg = Release|Any CPU
		{82162843-FB9F-4F68-B18F-D8310EC9B5F2}.Release|Any CPU.Build.0 = Release|Any CPU
		{2D921FC3-BFDE-4AC9-B752-5DD805937094}.Debug|Any CPU.ActiveCfg = Debug|Any CPU
		{2D921FC3-BFDE-4AC9-B752-5DD805937094}.Debug|Any CPU.Build.0 = Debug|Any CPU
		{2D921FC3-BFDE-4AC9-B752-5DD805937094}.Release|Any CPU.ActiveCfg = Release|Any CPU
		{2D921FC3-BFDE-4AC9-B752-5DD805937094}.Release|Any CPU.Build.0 = Release|Any CPU
		{E51C1902-D168-4180-813F-82259139063C}.Debug|Any CPU.ActiveCfg = Debug|Any CPU
		{E51C1902-D168-4180-813F-82259139063C}.Debug|Any CPU.Build.0 = Debug|Any CPU
		{E51C1902-D168-4180-813F-82259139063C}.Release|Any CPU.ActiveCfg = Release|Any CPU
		{E51C1902-D168-4180-813F-82259139063C}.Release|Any CPU.Build.0 = Release|Any CPU
	EndGlobalSection
	GlobalSection(SolutionProperties) = preSolution
		HideSolutionNode = FALSE
	EndGlobalSection
	GlobalSection(ExtensibilityGlobals) = postSolution
		SolutionGuid = {6D5C9BE7-9DB1-4A65-8F12-438FC266C32D}
	EndGlobalSection
EndGlobal
